
Microsoft Visual Studio Solution File, Format Version 12.00
# Visual Studio 15
VisualStudioVersion = 15.0.26403.7
MinimumVisualStudioVersion = 10.0.40219.1
Project("{FAE04EC0-301F-11D3-BF4B-00C04F79EFBC}") = "SimpleUrhoRoomScene.Droid", "SimpleUrhoRoomScene.Droid\SimpleUrhoRoomScene.Droid.csproj", "{FB39AA55-3132-4F96-93B1-6DA799D45646}"
EndProject
Project("{FAE04EC0-301F-11D3-BF4B-00C04F79EFBC}") = "SimpleUrhoRoomScene.iOS", "SimpleUrhoRoomScene.iOS\SimpleUrhoRoomScene.iOS.csproj", "{767A01A0-17CF-4562-BE1F-C57BE89DC2D8}"
EndProject
Project("{FAE04EC0-301F-11D3-BF4B-00C04F79EFBC}") = "SimpleUrhoRoomScene.Desktop", "SimpleUrhoRoomScene.Desktop\SimpleUrhoRoomScene.Desktop.csproj", "{ECC350C2-88BF-4905-B4CB-8FAEC47DFF8C}"
EndProject
Project("{FAE04EC0-301F-11D3-BF4B-00C04F79EFBC}") = "SimpleUrhoRoomScene", "SimpleUrhoRoomScene\SimpleUrhoRoomScene.csproj", "{47BBBF31-9620-4C61-81BA-EAA693F72A78}"
EndProject
Project("{FAE04EC0-301F-11D3-BF4B-00C04F79EFBC}") = "SimpleUrhoRoomScene.MixedReality", "SimpleUrhoRoomScene.MixedRealityPortal\SimpleUrhoRoomScene.MixedReality.csproj", "{B50C88E4-5FF9-4853-8417-6D0395A4DC32}"
EndProject
Global
	GlobalSection(SolutionConfigurationPlatforms) = preSolution
		Ad-Hoc|Any CPU = Ad-Hoc|Any CPU
		Ad-Hoc|iPhone = Ad-Hoc|iPhone
		Ad-Hoc|iPhoneSimulator = Ad-Hoc|iPhoneSimulator
		Ad-Hoc|x64 = Ad-Hoc|x64
		Ad-Hoc|x86 = Ad-Hoc|x86
		AppStore|Any CPU = AppStore|Any CPU
		AppStore|iPhone = AppStore|iPhone
		AppStore|iPhoneSimulator = AppStore|iPhoneSimulator
		AppStore|x64 = AppStore|x64
		AppStore|x86 = AppStore|x86
		Debug|Any CPU = Debug|Any CPU
		Debug|iPhone = Debug|iPhone
		Debug|iPhoneSimulator = Debug|iPhoneSimulator
		Debug|x64 = Debug|x64
		Debug|x86 = Debug|x86
		Release|Any CPU = Release|Any CPU
		Release|iPhone = Release|iPhone
		Release|iPhoneSimulator = Release|iPhoneSimulator
		Release|x64 = Release|x64
		Release|x86 = Release|x86
	EndGlobalSection
	GlobalSection(ProjectConfigurationPlatforms) = postSolution
		{FB39AA55-3132-4F96-93B1-6DA799D45646}.Ad-Hoc|Any CPU.ActiveCfg = Release|Any CPU
		{FB39AA55-3132-4F96-93B1-6DA799D45646}.Ad-Hoc|Any CPU.Build.0 = Release|Any CPU
		{FB39AA55-3132-4F96-93B1-6DA799D45646}.Ad-Hoc|Any CPU.Deploy.0 = Release|Any CPU
		{FB39AA55-3132-4F96-93B1-6DA799D45646}.Ad-Hoc|iPhone.ActiveCfg = Release|Any CPU
		{FB39AA55-3132-4F96-93B1-6DA799D45646}.Ad-Hoc|iPhone.Build.0 = Release|Any CPU
		{FB39AA55-3132-4F96-93B1-6DA799D45646}.Ad-Hoc|iPhone.Deploy.0 = Release|Any CPU
		{FB39AA55-3132-4F96-93B1-6DA799D45646}.Ad-Hoc|iPhoneSimulator.ActiveCfg = Release|Any CPU
		{FB39AA55-3132-4F96-93B1-6DA799D45646}.Ad-Hoc|iPhoneSimulator.Build.0 = Release|Any CPU
		{FB39AA55-3132-4F96-93B1-6DA799D45646}.Ad-Hoc|iPhoneSimulator.Deploy.0 = Release|Any CPU
		{FB39AA55-3132-4F96-93B1-6DA799D45646}.Ad-Hoc|x64.ActiveCfg = Debug|Any CPU
		{FB39AA55-3132-4F96-93B1-6DA799D45646}.Ad-Hoc|x86.ActiveCfg = Debug|Any CPU
		{FB39AA55-3132-4F96-93B1-6DA799D45646}.AppStore|Any CPU.ActiveCfg = Release|Any CPU
		{FB39AA55-3132-4F96-93B1-6DA799D45646}.AppStore|Any CPU.Build.0 = Release|Any CPU
		{FB39AA55-3132-4F96-93B1-6DA799D45646}.AppStore|Any CPU.Deploy.0 = Release|Any CPU
		{FB39AA55-3132-4F96-93B1-6DA799D45646}.AppStore|iPhone.ActiveCfg = Release|Any CPU
		{FB39AA55-3132-4F96-93B1-6DA799D45646}.AppStore|iPhone.Build.0 = Release|Any CPU
		{FB39AA55-3132-4F96-93B1-6DA799D45646}.AppStore|iPhone.Deploy.0 = Release|Any CPU
		{FB39AA55-3132-4F96-93B1-6DA799D45646}.AppStore|iPhoneSimulator.ActiveCfg = Release|Any CPU
		{FB39AA55-3132-4F96-93B1-6DA799D45646}.AppStore|iPhoneSimulator.Build.0 = Release|Any CPU
		{FB39AA55-3132-4F96-93B1-6DA799D45646}.AppStore|iPhoneSimulator.Deploy.0 = Release|Any CPU
		{FB39AA55-3132-4F96-93B1-6DA799D45646}.AppStore|x64.ActiveCfg = Debug|Any CPU
		{FB39AA55-3132-4F96-93B1-6DA799D45646}.AppStore|x86.ActiveCfg = Debug|Any CPU
		{FB39AA55-3132-4F96-93B1-6DA799D45646}.Debug|Any CPU.ActiveCfg = Debug|Any CPU
		{FB39AA55-3132-4F96-93B1-6DA799D45646}.Debug|Any CPU.Build.0 = Debug|Any CPU
		{FB39AA55-3132-4F96-93B1-6DA799D45646}.Debug|Any CPU.Deploy.0 = Debug|Any CPU
		{FB39AA55-3132-4F96-93B1-6DA799D45646}.Debug|iPhone.ActiveCfg = Debug|Any CPU
		{FB39AA55-3132-4F96-93B1-6DA799D45646}.Debug|iPhone.Build.0 = Debug|Any CPU
		{FB39AA55-3132-4F96-93B1-6DA799D45646}.Debug|iPhone.Deploy.0 = Debug|Any CPU
		{FB39AA55-3132-4F96-93B1-6DA799D45646}.Debug|iPhoneSimulator.ActiveCfg = Debug|Any CPU
		{FB39AA55-3132-4F96-93B1-6DA799D45646}.Debug|iPhoneSimulator.Build.0 = Debug|Any CPU
		{FB39AA55-3132-4F96-93B1-6DA799D45646}.Debug|iPhoneSimulator.Deploy.0 = Debug|Any CPU
		{FB39AA55-3132-4F96-93B1-6DA799D45646}.Debug|x64.ActiveCfg = Debug|Any CPU
		{FB39AA55-3132-4F96-93B1-6DA799D45646}.Debug|x86.ActiveCfg = Debug|Any CPU
		{FB39AA55-3132-4F96-93B1-6DA799D45646}.Release|Any CPU.ActiveCfg = Release|Any CPU
		{FB39AA55-3132-4F96-93B1-6DA799D45646}.Release|Any CPU.Build.0 = Release|Any CPU
		{FB39AA55-3132-4F96-93B1-6DA799D45646}.Release|Any CPU.Deploy.0 = Release|Any CPU
		{FB39AA55-3132-4F96-93B1-6DA799D45646}.Release|iPhone.ActiveCfg = Release|Any CPU
		{FB39AA55-3132-4F96-93B1-6DA799D45646}.Release|iPhone.Build.0 = Release|Any CPU
		{FB39AA55-3132-4F96-93B1-6DA799D45646}.Release|iPhone.Deploy.0 = Release|Any CPU
		{FB39AA55-3132-4F96-93B1-6DA799D45646}.Release|iPhoneSimulator.ActiveCfg = Release|Any CPU
		{FB39AA55-3132-4F96-93B1-6DA799D45646}.Release|iPhoneSimulator.Build.0 = Release|Any CPU
		{FB39AA55-3132-4F96-93B1-6DA799D45646}.Release|iPhoneSimulator.Deploy.0 = Release|Any CPU
		{FB39AA55-3132-4F96-93B1-6DA799D45646}.Release|x64.ActiveCfg = Release|Any CPU
		{FB39AA55-3132-4F96-93B1-6DA799D45646}.Release|x86.ActiveCfg = Release|Any CPU
		{767A01A0-17CF-4562-BE1F-C57BE89DC2D8}.Ad-Hoc|Any CPU.ActiveCfg = Ad-Hoc|iPhone
		{767A01A0-17CF-4562-BE1F-C57BE89DC2D8}.Ad-Hoc|iPhone.ActiveCfg = Ad-Hoc|iPhone
		{767A01A0-17CF-4562-BE1F-C57BE89DC2D8}.Ad-Hoc|iPhone.Build.0 = Ad-Hoc|iPhone
		{767A01A0-17CF-4562-BE1F-C57BE89DC2D8}.Ad-Hoc|iPhoneSimulator.ActiveCfg = Ad-Hoc|iPhoneSimulator
		{767A01A0-17CF-4562-BE1F-C57BE89DC2D8}.Ad-Hoc|iPhoneSimulator.Build.0 = Ad-Hoc|iPhoneSimulator
		{767A01A0-17CF-4562-BE1F-C57BE89DC2D8}.Ad-Hoc|x64.ActiveCfg = Ad-Hoc|iPhoneSimulator
		{767A01A0-17CF-4562-BE1F-C57BE89DC2D8}.Ad-Hoc|x86.ActiveCfg = Ad-Hoc|iPhoneSimulator
		{767A01A0-17CF-4562-BE1F-C57BE89DC2D8}.AppStore|Any CPU.ActiveCfg = AppStore|iPhone
		{767A01A0-17CF-4562-BE1F-C57BE89DC2D8}.AppStore|iPhone.ActiveCfg = AppStore|iPhone
		{767A01A0-17CF-4562-BE1F-C57BE89DC2D8}.AppStore|iPhone.Build.0 = AppStore|iPhone
		{767A01A0-17CF-4562-BE1F-C57BE89DC2D8}.AppStore|iPhoneSimulator.ActiveCfg = AppStore|iPhoneSimulator
		{767A01A0-17CF-4562-BE1F-C57BE89DC2D8}.AppStore|iPhoneSimulator.Build.0 = AppStore|iPhoneSimulator
		{767A01A0-17CF-4562-BE1F-C57BE89DC2D8}.AppStore|x64.ActiveCfg = AppStore|iPhoneSimulator
		{767A01A0-17CF-4562-BE1F-C57BE89DC2D8}.AppStore|x86.ActiveCfg = AppStore|iPhoneSimulator
		{767A01A0-17CF-4562-BE1F-C57BE89DC2D8}.Debug|Any CPU.ActiveCfg = Debug|iPhone
		{767A01A0-17CF-4562-BE1F-C57BE89DC2D8}.Debug|iPhone.ActiveCfg = Debug|iPhone
		{767A01A0-17CF-4562-BE1F-C57BE89DC2D8}.Debug|iPhone.Build.0 = Debug|iPhone
		{767A01A0-17CF-4562-BE1F-C57BE89DC2D8}.Debug|iPhoneSimulator.ActiveCfg = Debug|iPhoneSimulator
		{767A01A0-17CF-4562-BE1F-C57BE89DC2D8}.Debug|iPhoneSimulator.Build.0 = Debug|iPhoneSimulator
		{767A01A0-17CF-4562-BE1F-C57BE89DC2D8}.Debug|x64.ActiveCfg = Debug|iPhoneSimulator
		{767A01A0-17CF-4562-BE1F-C57BE89DC2D8}.Debug|x86.ActiveCfg = Debug|iPhoneSimulator
		{767A01A0-17CF-4562-BE1F-C57BE89DC2D8}.Release|Any CPU.ActiveCfg = Release|iPhone
		{767A01A0-17CF-4562-BE1F-C57BE89DC2D8}.Release|iPhone.ActiveCfg = Release|iPhone
		{767A01A0-17CF-4562-BE1F-C57BE89DC2D8}.Release|iPhone.Build.0 = Release|iPhone
		{767A01A0-17CF-4562-BE1F-C57BE89DC2D8}.Release|iPhoneSimulator.ActiveCfg = Release|iPhoneSimulator
		{767A01A0-17CF-4562-BE1F-C57BE89DC2D8}.Release|iPhoneSimulator.Build.0 = Release|iPhoneSimulator
		{767A01A0-17CF-4562-BE1F-C57BE89DC2D8}.Release|x64.ActiveCfg = Release|iPhoneSimulator
		{767A01A0-17CF-4562-BE1F-C57BE89DC2D8}.Release|x86.ActiveCfg = Release|iPhoneSimulator
		{ECC350C2-88BF-4905-B4CB-8FAEC47DFF8C}.Ad-Hoc|Any CPU.ActiveCfg = Release|Any CPU
		{ECC350C2-88BF-4905-B4CB-8FAEC47DFF8C}.Ad-Hoc|Any CPU.Build.0 = Release|Any CPU
		{ECC350C2-88BF-4905-B4CB-8FAEC47DFF8C}.Ad-Hoc|iPhone.ActiveCfg = Release|Any CPU
		{ECC350C2-88BF-4905-B4CB-8FAEC47DFF8C}.Ad-Hoc|iPhone.Build.0 = Release|Any CPU
		{ECC350C2-88BF-4905-B4CB-8FAEC47DFF8C}.Ad-Hoc|iPhoneSimulator.ActiveCfg = Release|Any CPU
		{ECC350C2-88BF-4905-B4CB-8FAEC47DFF8C}.Ad-Hoc|iPhoneSimulator.Build.0 = Release|Any CPU
		{ECC350C2-88BF-4905-B4CB-8FAEC47DFF8C}.Ad-Hoc|x64.ActiveCfg = Debug|Any CPU
		{ECC350C2-88BF-4905-B4CB-8FAEC47DFF8C}.Ad-Hoc|x64.Build.0 = Debug|Any CPU
		{ECC350C2-88BF-4905-B4CB-8FAEC47DFF8C}.Ad-Hoc|x86.ActiveCfg = Debug|Any CPU
		{ECC350C2-88BF-4905-B4CB-8FAEC47DFF8C}.Ad-Hoc|x86.Build.0 = Debug|Any CPU
		{ECC350C2-88BF-4905-B4CB-8FAEC47DFF8C}.AppStore|Any CPU.ActiveCfg = Release|Any CPU
		{ECC350C2-88BF-4905-B4CB-8FAEC47DFF8C}.AppStore|Any CPU.Build.0 = Release|Any CPU
		{ECC350C2-88BF-4905-B4CB-8FAEC47DFF8C}.AppStore|iPhone.ActiveCfg = Release|Any CPU
		{ECC350C2-88BF-4905-B4CB-8FAEC47DFF8C}.AppStore|iPhone.Build.0 = Release|Any CPU
		{ECC350C2-88BF-4905-B4CB-8FAEC47DFF8C}.AppStore|iPhoneSimulator.ActiveCfg = Release|Any CPU
		{ECC350C2-88BF-4905-B4CB-8FAEC47DFF8C}.AppStore|iPhoneSimulator.Build.0 = Release|Any CPU
		{ECC350C2-88BF-4905-B4CB-8FAEC47DFF8C}.AppStore|x64.ActiveCfg = Debug|Any CPU
		{ECC350C2-88BF-4905-B4CB-8FAEC47DFF8C}.AppStore|x64.Build.0 = Debug|Any CPU
		{ECC350C2-88BF-4905-B4CB-8FAEC47DFF8C}.AppStore|x86.ActiveCfg = Debug|Any CPU
		{ECC350C2-88BF-4905-B4CB-8FAEC47DFF8C}.AppStore|x86.Build.0 = Debug|Any CPU
		{ECC350C2-88BF-4905-B4CB-8FAEC47DFF8C}.Debug|Any CPU.ActiveCfg = Debug|Any CPU
		{ECC350C2-88BF-4905-B4CB-8FAEC47DFF8C}.Debug|Any CPU.Build.0 = Debug|Any CPU
		{ECC350C2-88BF-4905-B4CB-8FAEC47DFF8C}.Debug|iPhone.ActiveCfg = Debug|Any CPU
		{ECC350C2-88BF-4905-B4CB-8FAEC47DFF8C}.Debug|iPhone.Build.0 = Debug|Any CPU
		{ECC350C2-88BF-4905-B4CB-8FAEC47DFF8C}.Debug|iPhoneSimulator.ActiveCfg = Debug|Any CPU
		{ECC350C2-88BF-4905-B4CB-8FAEC47DFF8C}.Debug|iPhoneSimulator.Build.0 = Debug|Any CPU
		{ECC350C2-88BF-4905-B4CB-8FAEC47DFF8C}.Debug|x64.ActiveCfg = Debug|Any CPU
		{ECC350C2-88BF-4905-B4CB-8FAEC47DFF8C}.Debug|x64.Build.0 = Debug|Any CPU
		{ECC350C2-88BF-4905-B4CB-8FAEC47DFF8C}.Debug|x86.ActiveCfg = Debug|Any CPU
		{ECC350C2-88BF-4905-B4CB-8FAEC47DFF8C}.Debug|x86.Build.0 = Debug|Any CPU
		{ECC350C2-88BF-4905-B4CB-8FAEC47DFF8C}.Release|Any CPU.ActiveCfg = Release|Any CPU
		{ECC350C2-88BF-4905-B4CB-8FAEC47DFF8C}.Release|Any CPU.Build.0 = Release|Any CPU
		{ECC350C2-88BF-4905-B4CB-8FAEC47DFF8C}.Release|iPhone.ActiveCfg = Release|Any CPU
		{ECC350C2-88BF-4905-B4CB-8FAEC47DFF8C}.Release|iPhone.Build.0 = Release|Any CPU
		{ECC350C2-88BF-4905-B4CB-8FAEC47DFF8C}.Release|iPhoneSimulator.ActiveCfg = Release|Any CPU
		{ECC350C2-88BF-4905-B4CB-8FAEC47DFF8C}.Release|iPhoneSimulator.Build.0 = Release|Any CPU
		{ECC350C2-88BF-4905-B4CB-8FAEC47DFF8C}.Release|x64.ActiveCfg = Release|Any CPU
		{ECC350C2-88BF-4905-B4CB-8FAEC47DFF8C}.Release|x64.Build.0 = Release|Any CPU
		{ECC350C2-88BF-4905-B4CB-8FAEC47DFF8C}.Release|x86.ActiveCfg = Release|Any CPU
		{ECC350C2-88BF-4905-B4CB-8FAEC47DFF8C}.Release|x86.Build.0 = Release|Any CPU
		{47BBBF31-9620-4C61-81BA-EAA693F72A78}.Ad-Hoc|Any CPU.ActiveCfg = Release|Any CPU
		{47BBBF31-9620-4C61-81BA-EAA693F72A78}.Ad-Hoc|Any CPU.Build.0 = Release|Any CPU
		{47BBBF31-9620-4C61-81BA-EAA693F72A78}.Ad-Hoc|iPhone.ActiveCfg = Release|Any CPU
		{47BBBF31-9620-4C61-81BA-EAA693F72A78}.Ad-Hoc|iPhone.Build.0 = Release|Any CPU
		{47BBBF31-9620-4C61-81BA-EAA693F72A78}.Ad-Hoc|iPhoneSimulator.ActiveCfg = Release|Any CPU
		{47BBBF31-9620-4C61-81BA-EAA693F72A78}.Ad-Hoc|iPhoneSimulator.Build.0 = Release|Any CPU
		{47BBBF31-9620-4C61-81BA-EAA693F72A78}.Ad-Hoc|x64.ActiveCfg = Debug|Any CPU
		{47BBBF31-9620-4C61-81BA-EAA693F72A78}.Ad-Hoc|x64.Build.0 = Debug|Any CPU
		{47BBBF31-9620-4C61-81BA-EAA693F72A78}.Ad-Hoc|x86.ActiveCfg = Debug|Any CPU
		{47BBBF31-9620-4C61-81BA-EAA693F72A78}.Ad-Hoc|x86.Build.0 = Debug|Any CPU
		{47BBBF31-9620-4C61-81BA-EAA693F72A78}.AppStore|Any CPU.ActiveCfg = Release|Any CPU
		{47BBBF31-9620-4C61-81BA-EAA693F72A78}.AppStore|Any CPU.Build.0 = Release|Any CPU
		{47BBBF31-9620-4C61-81BA-EAA693F72A78}.AppStore|iPhone.ActiveCfg = Release|Any CPU
		{47BBBF31-9620-4C61-81BA-EAA693F72A78}.AppStore|iPhone.Build.0 = Release|Any CPU
		{47BBBF31-9620-4C61-81BA-EAA693F72A78}.AppStore|iPhoneSimulator.ActiveCfg = Release|Any CPU
		{47BBBF31-9620-4C61-81BA-EAA693F72A78}.AppStore|iPhoneSimulator.Build.0 = Release|Any CPU
		{47BBBF31-9620-4C61-81BA-EAA693F72A78}.AppStore|x64.ActiveCfg = Debug|Any CPU
		{47BBBF31-9620-4C61-81BA-EAA693F72A78}.AppStore|x64.Build.0 = Debug|Any CPU
		{47BBBF31-9620-4C61-81BA-EAA693F72A78}.AppStore|x86.ActiveCfg = Debug|Any CPU
		{47BBBF31-9620-4C61-81BA-EAA693F72A78}.AppStore|x86.Build.0 = Debug|Any CPU
		{47BBBF31-9620-4C61-81BA-EAA693F72A78}.Debug|Any CPU.ActiveCfg = Debug|Any CPU
		{47BBBF31-9620-4C61-81BA-EAA693F72A78}.Debug|Any CPU.Build.0 = Debug|Any CPU
		{47BBBF31-9620-4C61-81BA-EAA693F72A78}.Debug|iPhone.ActiveCfg = Debug|Any CPU
		{47BBBF31-9620-4C61-81BA-EAA693F72A78}.Debug|iPhone.Build.0 = Debug|Any CPU
		{47BBBF31-9620-4C61-81BA-EAA693F72A78}.Debug|iPhoneSimulator.ActiveCfg = Debug|Any CPU
		{47BBBF31-9620-4C61-81BA-EAA693F72A78}.Debug|iPhoneSimulator.Build.0 = Debug|Any CPU
		{47BBBF31-9620-4C61-81BA-EAA693F72A78}.Debug|x64.ActiveCfg = Debug|Any CPU
		{47BBBF31-9620-4C61-81BA-EAA693F72A78}.Debug|x64.Build.0 = Debug|Any CPU
		{47BBBF31-9620-4C61-81BA-EAA693F72A78}.Debug|x86.ActiveCfg = Debug|Any CPU
		{47BBBF31-9620-4C61-81BA-EAA693F72A78}.Debug|x86.Build.0 = Debug|Any CPU
		{47BBBF31-9620-4C61-81BA-EAA693F72A78}.Release|Any CPU.ActiveCfg = Release|Any CPU
		{47BBBF31-9620-4C61-81BA-EAA693F72A78}.Release|Any CPU.Build.0 = Release|Any CPU
		{47BBBF31-9620-4C61-81BA-EAA693F72A78}.Release|iPhone.ActiveCfg = Release|Any CPU
		{47BBBF31-9620-4C61-81BA-EAA693F72A78}.Release|iPhone.Build.0 = Release|Any CPU
		{47BBBF31-9620-4C61-81BA-EAA693F72A78}.Release|iPhoneSimulator.ActiveCfg = Release|Any CPU
		{47BBBF31-9620-4C61-81BA-EAA693F72A78}.Release|iPhoneSimulator.Build.0 = Release|Any CPU
		{47BBBF31-9620-4C61-81BA-EAA693F72A78}.Release|x64.ActiveCfg = Release|Any CPU
		{47BBBF31-9620-4C61-81BA-EAA693F72A78}.Release|x64.Build.0 = Release|Any CPU
		{47BBBF31-9620-4C61-81BA-EAA693F72A78}.Release|x86.ActiveCfg = Release|Any CPU
		{47BBBF31-9620-4C61-81BA-EAA693F72A78}.Release|x86.Build.0 = Release|Any CPU
		{B50C88E4-5FF9-4853-8417-6D0395A4DC32}.Ad-Hoc|Any CPU.ActiveCfg = Release|x64
		{B50C88E4-5FF9-4853-8417-6D0395A4DC32}.Ad-Hoc|Any CPU.Build.0 = Release|x64
		{B50C88E4-5FF9-4853-8417-6D0395A4DC32}.Ad-Hoc|Any CPU.Deploy.0 = Release|x64
		{B50C88E4-5FF9-4853-8417-6D0395A4DC32}.Ad-Hoc|iPhone.ActiveCfg = Release|x64
		{B50C88E4-5FF9-4853-8417-6D0395A4DC32}.Ad-Hoc|iPhone.Build.0 = Release|x64
		{B50C88E4-5FF9-4853-8417-6D0395A4DC32}.Ad-Hoc|iPhone.Deploy.0 = Release|x64
		{B50C88E4-5FF9-4853-8417-6D0395A4DC32}.Ad-Hoc|iPhoneSimulator.ActiveCfg = Release|x64
		{B50C88E4-5FF9-4853-8417-6D0395A4DC32}.Ad-Hoc|iPhoneSimulator.Build.0 = Release|x64
		{B50C88E4-5FF9-4853-8417-6D0395A4DC32}.Ad-Hoc|iPhoneSimulator.Deploy.0 = Release|x64
		{B50C88E4-5FF9-4853-8417-6D0395A4DC32}.Ad-Hoc|x64.ActiveCfg = Release|x64
		{B50C88E4-5FF9-4853-8417-6D0395A4DC32}.Ad-Hoc|x64.Build.0 = Release|x64
		{B50C88E4-5FF9-4853-8417-6D0395A4DC32}.Ad-Hoc|x64.Deploy.0 = Release|x64
		{B50C88E4-5FF9-4853-8417-6D0395A4DC32}.Ad-Hoc|x86.ActiveCfg = Release|x86
		{B50C88E4-5FF9-4853-8417-6D0395A4DC32}.Ad-Hoc|x86.Build.0 = Release|x86
		{B50C88E4-5FF9-4853-8417-6D0395A4DC32}.Ad-Hoc|x86.Deploy.0 = Release|x86
		{B50C88E4-5FF9-4853-8417-6D0395A4DC32}.AppStore|Any CPU.ActiveCfg = Release|x64
		{B50C88E4-5FF9-4853-8417-6D0395A4DC32}.AppStore|Any CPU.Build.0 = Release|x64
		{B50C88E4-5FF9-4853-8417-6D0395A4DC32}.AppStore|Any CPU.Deploy.0 = Release|x64
		{B50C88E4-5FF9-4853-8417-6D0395A4DC32}.AppStore|iPhone.ActiveCfg = Release|x64
		{B50C88E4-5FF9-4853-8417-6D0395A4DC32}.AppStore|iPhone.Build.0 = Release|x64
		{B50C88E4-5FF9-4853-8417-6D0395A4DC32}.AppStore|iPhone.Deploy.0 = Release|x64
		{B50C88E4-5FF9-4853-8417-6D0395A4DC32}.AppStore|iPhoneSimulator.ActiveCfg = Release|x64
		{B50C88E4-5FF9-4853-8417-6D0395A4DC32}.AppStore|iPhoneSimulator.Build.0 = Release|x64
		{B50C88E4-5FF9-4853-8417-6D0395A4DC32}.AppStore|iPhoneSimulator.Deploy.0 = Release|x64
		{B50C88E4-5FF9-4853-8417-6D0395A4DC32}.AppStore|x64.ActiveCfg = Release|x64
		{B50C88E4-5FF9-4853-8417-6D0395A4DC32}.AppStore|x64.Build.0 = Release|x64
		{B50C88E4-5FF9-4853-8417-6D0395A4DC32}.AppStore|x64.Deploy.0 = Release|x64
		{B50C88E4-5FF9-4853-8417-6D0395A4DC32}.AppStore|x86.ActiveCfg = Release|x86
		{B50C88E4-5FF9-4853-8417-6D0395A4DC32}.AppStore|x86.Build.0 = Release|x86
		{B50C88E4-5FF9-4853-8417-6D0395A4DC32}.AppStore|x86.Deploy.0 = Release|x86
		{B50C88E4-5FF9-4853-8417-6D0395A4DC32}.Debug|Any CPU.ActiveCfg = Debug|x86
		{B50C88E4-5FF9-4853-8417-6D0395A4DC32}.Debug|iPhone.ActiveCfg = Debug|x86
		{B50C88E4-5FF9-4853-8417-6D0395A4DC32}.Debug|iPhoneSimulator.ActiveCfg = Debug|x86
		{B50C88E4-5FF9-4853-8417-6D0395A4DC32}.Debug|x64.ActiveCfg = Debug|x64
		{B50C88E4-5FF9-4853-8417-6D0395A4DC32}.Debug|x64.Build.0 = Debug|x64
		{B50C88E4-5FF9-4853-8417-6D0395A4DC32}.Debug|x64.Deploy.0 = Debug|x64
		{B50C88E4-5FF9-4853-8417-6D0395A4DC32}.Debug|x86.ActiveCfg = Debug|x86
		{B50C88E4-5FF9-4853-8417-6D0395A4DC32}.Debug|x86.Build.0 = Debug|x86
		{B50C88E4-5FF9-4853-8417-6D0395A4DC32}.Debug|x86.Deploy.0 = Debug|x86
		{B50C88E4-5FF9-4853-8417-6D0395A4DC32}.Release|Any CPU.ActiveCfg = Release|x86
		{B50C88E4-5FF9-4853-8417-6D0395A4DC32}.Release|iPhone.ActiveCfg = Release|x86
		{B50C88E4-5FF9-4853-8417-6D0395A4DC32}.Release|iPhoneSimulator.ActiveCfg = Release|x86
		{B50C88E4-5FF9-4853-8417-6D0395A4DC32}.Release|x64.ActiveCfg = Release|x64
		{B50C88E4-5FF9-4853-8417-6D0395A4DC32}.Release|x64.Build.0 = Release|x64
		{B50C88E4-5FF9-4853-8417-6D0395A4DC32}.Release|x64.Deploy.0 = Release|x64
		{B50C88E4-5FF9-4853-8417-6D0395A4DC32}.Release|x86.ActiveCfg = Release|x86
		{B50C88E4-5FF9-4853-8417-6D0395A4DC32}.Release|x86.Build.0 = Release|x86
		{B50C88E4-5FF9-4853-8417-6D0395A4DC32}.Release|x86.Deploy.0 = Release|x86
	EndGlobalSection
	GlobalSection(SolutionProperties) = preSolution
		HideSolutionNode = FALSE
	EndGlobalSection
EndGlobal
